# This file is autogenerated, do not edit; changes may be undone by the next 'dep ensure'.


[[projects]]
  branch = "master"
  digest = "1:dacd83ec550d6d5c2ac83e57f20d45a25a39d79c73be4451771f92572a1f6344"
  name = "github.com/bitrise-io/go-steputils"
  packages = ["stepconf"]
  pruneopts = "UT"
  revision = "7c9aaee1af9593773b253b04dbcefbb1f527f184"

[[projects]]
  branch = "master"
  digest = "1:9ab8a25451807dee966e317fbb5cd39e9acbb281248fd96b896c4971de8723c1"
  name = "github.com/bitrise-io/go-utils"
  packages = [
    "colorstring",
    "command",
    "errorutil",
    "log",
    "parseutil",
    "pathutil",
    "pointers",
  ]
  pruneopts = "UT"
  revision = "1f401bb88c99a08ea8fb9f61ce521f2cee9c5a41"

[[projects]]
  branch = "master"
  digest = "1:6c8f067746f27f899fefdc541632512e5050b207655056cb3232af0704d2790b"
  name = "github.com/c4milo/unpackit"
  packages = ["."]
  pruneopts = "UT"
  revision = "4ed373e9ef1c895fe04468d813cb628902d89a0a"

[[projects]]
  digest = "1:d052bda13fd17bd8cf52ccae57b0a03ffeea80cffc2cffc62741235fa34f92cf"
  name = "github.com/dsnet/compress"
  packages = [
    ".",
    "bzip2",
    "bzip2/internal/sais",
    "internal",
    "internal/errors",
    "internal/prefix",
  ]
  pruneopts = "UT"
  revision = "da652975a8eea9fa0735aba8056747a751db0bd3"
  version = "v0.0.1"

[[projects]]
  digest = "1:44be97ba7fa59bc31eb82fd4f12c8a3c4b6d256263e3b7e1457d64188593a35a"
  name = "github.com/klauspost/compress"
  packages = ["flate"]
  pruneopts = "UT"
  revision = "06dfa05f34740a0ee7ad9932a6f65d523328e98e"
  version = "v1.11.1"

[[projects]]
  digest = "1:4d4cab38f2e6a9f0f17fdbe03746c6c983ddacbd2bae4d49798d928d0aaad790"
  name = "github.com/klauspost/pgzip"
  packages = ["."]
  pruneopts = "UT"
  revision = "52335df0e96fa9c509c6fa2966697620beef6dc3"
  version = "v1.2.5"

[[projects]]
  digest = "1:9e1d37b58d17113ec3cb5608ac0382313c5b59470b94ed97d0976e69c7022314"
  name = "github.com/pkg/errors"
  packages = ["."]
  pruneopts = "UT"
  revision = "614d223910a179a466c1767a985424175c39b465"
  version = "v0.9.1"

[[projects]]
  digest = "1:9a1d8d39a8ac03c1a9875fcb6967e9675658ffa7ef09912932802e8e980e3b98"
  name = "github.com/ulikunitz/xz"
  packages = [
    ".",
    "internal/hash",
    "internal/xlog",
    "lzma",
  ]
  pruneopts = "UT"
  revision = "492fb8161cff03dd43fd938e40ecede6c6ffd8eb"
  version = "v0.5.8"

[solve-meta]
  analyzer-name = "dep"
  analyzer-version = 1
  input-imports = [
    "github.com/bitrise-io/go-steputils/stepconf",
    "github.com/bitrise-io/go-utils/command",
    "github.com/bitrise-io/go-utils/errorutil",
    "github.com/bitrise-io/go-utils/log",
    "github.com/c4milo/unpackit",
  ]
  solver-name = "gps-cdcl"
  solver-version = 1
